
Microsoft Visual Studio Solution File, Format Version 12.00
# Visual Studio 15
VisualStudioVersion = 15.0.27130.2036
MinimumVisualStudioVersion = 10.0.40219.1
Project("{9092AA53-FB77-4645-B42D-1CCCA6BD08BD}") = "Aspose.BarCode.Cloud.Sdk", "src/Aspose.BarCode.Cloud.Sdk.njsproj", "{CAE04741-D39A-43F2-BA95-7AC9E617529B}"
EndProject
Global
	GlobalSection(SolutionConfigurationPlatforms) = preSolution
		Debug|Any CPU = Debug|Any CPU
		Release|Any CPU = Release|Any CPU
	EndGlobalSection
	GlobalSection(ProjectConfigurationPlatforms) = postSolution
		{CAE04741-D39A-43F2-BA95-7AC9E617529B}.Debug|Any CPU.ActiveCfg = Debug|Any CPU
		{CAE04741-D39A-43F2-BA95-7AC9E617529B}.Debug|Any CPU.Build.0 = Debug|Any CPU
		{CAE04741-D39A-43F2-BA95-7AC9E617529B}.Release|Any CPU.ActiveCfg = Release|Any CPU
		{CAE04741-D39A-43F2-BA95-7AC9E617529B}.Release|Any CPU.Build.0 = Release|Any CPU
	EndGlobalSection
	GlobalSection(SolutionProperties) = preSolution
		HideSolutionNode = FALSE
	EndGlobalSection
	GlobalSection(ExtensibilityGlobals) = postSolution
		SolutionGuid = {4469EADF-FD72-48CF-9F57-210B06C829EE}
	EndGlobalSection
EndGlobal
